Microsoft Visual Studio Solution File, Format Version 12.00
# Visual Studio 15
VisualStudioVersion = 15.0.27428.2043
MinimumVisualStudioVersion = 10.0.40219.1
Project("{FAE04EC0-301F-11D3-BF4B-00C04F79EFBC}") = "Urho.Samples", "Core\Urho.Samples.csproj", "{792AF649-1BB3-4242-8BA3-61F67E357B18}"
EndProject
Project("{FAE04EC0-301F-11D3-BF4B-00C04F79EFBC}") = "Urho.Samples.WinForms", "WinForms\Urho.Samples.WinForms.csproj", "{DDE9D8D7-503E-483E-BD58-0284A63779DC}"
EndProject
Global
	GlobalSection(SolutionConfigurationPlatforms) = preSolution
		Ad-Hoc|Any CPU = Ad-Hoc|Any CPU
		Ad-Hoc|ARM = Ad-Hoc|ARM
		Ad-Hoc|iPhone = Ad-Hoc|iPhone
		Ad-Hoc|iPhoneSimulator = Ad-Hoc|iPhoneSimulator
		Ad-Hoc|x64 = Ad-Hoc|x64
		Ad-Hoc|x86 = Ad-Hoc|x86
		AppStore|Any CPU = AppStore|Any CPU
		AppStore|ARM = AppStore|ARM
		AppStore|iPhone = AppStore|iPhone
		AppStore|iPhoneSimulator = AppStore|iPhoneSimulator
		AppStore|x64 = AppStore|x64
		AppStore|x86 = AppStore|x86
		Debug|Any CPU = Debug|Any CPU
		Debug|ARM = Debug|ARM
		Debug|iPhone = Debug|iPhone
		Debug|iPhoneSimulator = Debug|iPhoneSimulator
		Debug|x64 = Debug|x64
		Debug|x86 = Debug|x86
		Release|Any CPU = Release|Any CPU
		Release|ARM = Release|ARM
		Release|iPhone = Release|iPhone
		Release|iPhoneSimulator = Release|iPhoneSimulator
		Release|x64 = Release|x64
		Release|x86 = Release|x86
	EndGlobalSection
	GlobalSection(ProjectConfigurationPlatforms) = postSolution
		{792AF649-1BB3-4242-8BA3-61F67E357B18}.Ad-Hoc|Any CPU.ActiveCfg = Release|Any CPU
		{792AF649-1BB3-4242-8BA3-61F67E357B18}.Ad-Hoc|Any CPU.Build.0 = Release|Any CPU
		{792AF649-1BB3-4242-8BA3-61F67E357B18}.Ad-Hoc|ARM.ActiveCfg = Release Mac|Any CPU
		{792AF649-1BB3-4242-8BA3-61F67E357B18}.Ad-Hoc|ARM.Build.0 = Release Mac|Any CPU
		{792AF649-1BB3-4242-8BA3-61F67E357B18}.Ad-Hoc|iPhone.ActiveCfg = Release|Any CPU
		{792AF649-1BB3-4242-8BA3-61F67E357B18}.Ad-Hoc|iPhone.Build.0 = Release|Any CPU
		{792AF649-1BB3-4242-8BA3-61F67E357B18}.Ad-Hoc|iPhoneSimulator.ActiveCfg = Release|Any CPU
		{792AF649-1BB3-4242-8BA3-61F67E357B18}.Ad-Hoc|iPhoneSimulator.Build.0 = Release|Any CPU
		{792AF649-1BB3-4242-8BA3-61F67E357B18}.Ad-Hoc|x64.ActiveCfg = Release Mac|Any CPU
		{792AF649-1BB3-4242-8BA3-61F67E357B18}.Ad-Hoc|x64.Build.0 = Release Mac|Any CPU
		{792AF649-1BB3-4242-8BA3-61F67E357B18}.Ad-Hoc|x86.ActiveCfg = Release Mac|Any CPU
		{792AF649-1BB3-4242-8BA3-61F67E357B18}.Ad-Hoc|x86.Build.0 = Release Mac|Any CPU
		{792AF649-1BB3-4242-8BA3-61F67E357B18}.AppStore|Any CPU.ActiveCfg = Release|Any CPU
		{792AF649-1BB3-4242-8BA3-61F67E357B18}.AppStore|Any CPU.Build.0 = Release|Any CPU
		{792AF649-1BB3-4242-8BA3-61F67E357B18}.AppStore|ARM.ActiveCfg = Release Mac|Any CPU
		{792AF649-1BB3-4242-8BA3-61F67E357B18}.AppStore|ARM.Build.0 = Release Mac|Any CPU
		{792AF649-1BB3-4242-8BA3-61F67E357B18}.AppStore|iPhone.ActiveCfg = Release|Any CPU
		{792AF649-1BB3-4242-8BA3-61F67E357B18}.AppStore|iPhone.Build.0 = Release|Any CPU
		{792AF649-1BB3-4242-8BA3-61F67E357B18}.AppStore|iPhoneSimulator.ActiveCfg = Release|Any CPU
		{792AF649-1BB3-4242-8BA3-61F67E357B18}.AppStore|iPhoneSimulator.Build.0 = Release|Any CPU
		{792AF649-1BB3-4242-8BA3-61F67E357B18}.AppStore|x64.ActiveCfg = Release Mac|Any CPU
		{792AF649-1BB3-4242-8BA3-61F67E357B18}.AppStore|x64.Build.0 = Release Mac|Any CPU
		{792AF649-1BB3-4242-8BA3-61F67E357B18}.AppStore|x86.ActiveCfg = Release Mac|Any CPU
		{792AF649-1BB3-4242-8BA3-61F67E357B18}.AppStore|x86.Build.0 = Release Mac|Any CPU
		{792AF649-1BB3-4242-8BA3-61F67E357B18}.Debug|Any CPU.ActiveCfg = Debug|Any CPU
		{792AF649-1BB3-4242-8BA3-61F67E357B18}.Debug|Any CPU.Build.0 = Debug|Any CPU
		{792AF649-1BB3-4242-8BA3-61F67E357B18}.Debug|ARM.ActiveCfg = Debug|Any CPU
		{792AF649-1BB3-4242-8BA3-61F67E357B18}.Debug|ARM.Build.0 = Debug|Any CPU
		{792AF649-1BB3-4242-8BA3-61F67E357B18}.Debug|iPhone.ActiveCfg = Debug|Any CPU
		{792AF649-1BB3-4242-8BA3-61F67E357B18}.Debug|iPhone.Build.0 = Debug|Any CPU
		{792AF649-1BB3-4242-8BA3-61F67E357B18}.Debug|iPhoneSimulator.ActiveCfg = Debug|Any CPU
		{792AF649-1BB3-4242-8BA3-61F67E357B18}.Debug|iPhoneSimulator.Build.0 = Debug|Any CPU
		{792AF649-1BB3-4242-8BA3-61F67E357B18}.Debug|x64.ActiveCfg = Debug|Any CPU
		{792AF649-1BB3-4242-8BA3-61F67E357B18}.Debug|x64.Build.0 = Debug|Any CPU
		{792AF649-1BB3-4242-8BA3-61F67E357B18}.Debug|x86.ActiveCfg = Debug|Any CPU
		{792AF649-1BB3-4242-8BA3-61F67E357B18}.Debug|x86.Build.0 = Debug|Any CPU
		{792AF649-1BB3-4242-8BA3-61F67E357B18}.Release|Any CPU.ActiveCfg = Release|Any CPU
		{792AF649-1BB3-4242-8BA3-61F67E357B18}.Release|Any CPU.Build.0 = Release|Any CPU
		{792AF649-1BB3-4242-8BA3-61F67E357B18}.Release|ARM.ActiveCfg = Release|Any CPU
		{792AF649-1BB3-4242-8BA3-61F67E357B18}.Release|ARM.Build.0 = Release|Any CPU
		{792AF649-1BB3-4242-8BA3-61F67E357B18}.Release|iPhone.ActiveCfg = Release|Any CPU
		{792AF649-1BB3-4242-8BA3-61F67E357B18}.Release|iPhone.Build.0 = Release|Any CPU
		{792AF649-1BB3-4242-8BA3-61F67E357B18}.Release|iPhoneSimulator.ActiveCfg = Release|Any CPU
		{792AF649-1BB3-4242-8BA3-61F67E357B18}.Release|iPhoneSimulator.Build.0 = Release|Any CPU
		{792AF649-1BB3-4242-8BA3-61F67E357B18}.Release|x64.ActiveCfg = Release|Any CPU
		{792AF649-1BB3-4242-8BA3-61F67E357B18}.Release|x64.Build.0 = Release|Any CPU
		{792AF649-1BB3-4242-8BA3-61F67E357B18}.Release|x86.ActiveCfg = Release|Any CPU
		{792AF649-1BB3-4242-8BA3-61F67E357B18}.Release|x86.Build.0 = Release|Any CPU
		{DDE9D8D7-503E-483E-BD58-0284A63779DC}.Ad-Hoc|Any CPU.ActiveCfg = Release|Any CPU
		{DDE9D8D7-503E-483E-BD58-0284A63779DC}.Ad-Hoc|Any CPU.Build.0 = Release|Any CPU
		{DDE9D8D7-503E-483E-BD58-0284A63779DC}.Ad-Hoc|ARM.ActiveCfg = Debug|Any CPU
		{DDE9D8D7-503E-483E-BD58-0284A63779DC}.Ad-Hoc|ARM.Build.0 = Debug|Any CPU
		{DDE9D8D7-503E-483E-BD58-0284A63779DC}.Ad-Hoc|iPhone.ActiveCfg = Release|Any CPU
		{DDE9D8D7-503E-483E-BD58-0284A63779DC}.Ad-Hoc|iPhone.Build.0 = Release|Any CPU
		{DDE9D8D7-503E-483E-BD58-0284A63779DC}.Ad-Hoc|iPhoneSimulator.ActiveCfg = Release|Any CPU
		{DDE9D8D7-503E-483E-BD58-0284A63779DC}.Ad-Hoc|iPhoneSimulator.Build.0 = Release|Any CPU
		{DDE9D8D7-503E-483E-BD58-0284A63779DC}.Ad-Hoc|x64.ActiveCfg = Debug|Any CPU
		{DDE9D8D7-503E-483E-BD58-0284A63779DC}.Ad-Hoc|x64.Build.0 = Debug|Any CPU
		{DDE9D8D7-503E-483E-BD58-0284A63779DC}.Ad-Hoc|x86.ActiveCfg = Debug|Any CPU
		{DDE9D8D7-503E-483E-BD58-0284A63779DC}.Ad-Hoc|x86.Build.0 = Debug|Any CPU
		{DDE9D8D7-503E-483E-BD58-0284A63779DC}.AppStore|Any CPU.ActiveCfg = Release|Any CPU
		{DDE9D8D7-503E-483E-BD58-0284A63779DC}.AppStore|Any CPU.Build.0 = Release|Any CPU
		{DDE9D8D7-503E-483E-BD58-0284A63779DC}.AppStore|ARM.ActiveCfg = Debug|Any CPU
		{DDE9D8D7-503E-483E-BD58-0284A63779DC}.AppStore|ARM.Build.0 = Debug|Any CPU
		{DDE9D8D7-503E-483E-BD58-0284A63779DC}.AppStore|iPhone.ActiveCfg = Release|Any CPU
		{DDE9D8D7-503E-483E-BD58-0284A63779DC}.AppStore|iPhone.Build.0 = Release|Any CPU
		{DDE9D8D7-503E-483E-BD58-0284A63779DC}.AppStore|iPhoneSimulator.ActiveCfg = Release|Any CPU
		{DDE9D8D7-503E-483E-BD58-0284A63779DC}.AppStore|iPhoneSimulator.Build.0 = Release|Any CPU
		{DDE9D8D7-503E-483E-BD58-0284A63779DC}.AppStore|x64.ActiveCfg = Debug|Any CPU
		{DDE9D8D7-503E-483E-BD58-0284A63779DC}.AppStore|x64.Build.0 = Debug|Any CPU
		{DDE9D8D7-503E-483E-BD58-0284A63779DC}.AppStore|x86.ActiveCfg = Debug|Any CPU
		{DDE9D8D7-503E-483E-BD58-0284A63779DC}.AppStore|x86.Build.0 = Debug|Any CPU
		{DDE9D8D7-503E-483E-BD58-0284A63779DC}.Debug|Any CPU.ActiveCfg = Debug|Any CPU
		{DDE9D8D7-503E-483E-BD58-0284A63779DC}.Debug|Any CPU.Build.0 = Debug|Any CPU
		{DDE9D8D7-503E-483E-BD58-0284A63779DC}.Debug|ARM.ActiveCfg = Debug|Any CPU
		{DDE9D8D7-503E-483E-BD58-0284A63779DC}.Debug|ARM.Build.0 = Debug|Any CPU
		{DDE9D8D7-503E-483E-BD58-0284A63779DC}.Debug|iPhone.ActiveCfg = Debug|Any CPU
		{DDE9D8D7-503E-483E-BD58-0284A63779DC}.Debug|iPhone.Build.0 = Debug|Any CPU
		{DDE9D8D7-503E-483E-BD58-0284A63779DC}.Debug|iPhoneSimulator.ActiveCfg = Debug|Any CPU
		{DDE9D8D7-503E-483E-BD58-0284A63779DC}.Debug|iPhoneSimulator.Build.0 = Debug|Any CPU
		{DDE9D8D7-503E-483E-BD58-0284A63779DC}.Debug|x64.ActiveCfg = Debug|Any CPU
		{DDE9D8D7-503E-483E-BD58-0284A63779DC}.Debug|x64.Build.0 = Debug|Any CPU
		{DDE9D8D7-503E-483E-BD58-0284A63779DC}.Debug|x86.ActiveCfg = Debug|Any CPU
		{DDE9D8D7-503E-483E-BD58-0284A63779DC}.Debug|x86.Build.0 = Debug|Any CPU
		{DDE9D8D7-503E-483E-BD58-0284A63779DC}.Release|Any CPU.ActiveCfg = Release|Any CPU
		{DDE9D8D7-503E-483E-BD58-0284A63779DC}.Release|Any CPU.Build.0 = Release|Any CPU
		{DDE9D8D7-503E-483E-BD58-0284A63779DC}.Release|ARM.ActiveCfg = Release|Any CPU
		{DDE9D8D7-503E-483E-BD58-0284A63779DC}.Release|ARM.Build.0 = Release|Any CPU
		{DDE9D8D7-503E-483E-BD58-0284A63779DC}.Release|iPhone.ActiveCfg = Release|Any CPU
		{DDE9D8D7-503E-483E-BD58-0284A63779DC}.Release|iPhone.Build.0 = Release|Any CPU
		{DDE9D8D7-503E-483E-BD58-0284A63779DC}.Release|iPhoneSimulator.ActiveCfg = Release|Any CPU
		{DDE9D8D7-503E-483E-BD58-0284A63779DC}.Release|iPhoneSimulator.Build.0 = Release|Any CPU
		{DDE9D8D7-503E-483E-BD58-0284A63779DC}.Release|x64.ActiveCfg = Release|Any CPU
		{DDE9D8D7-503E-483E-BD58-0284A63779DC}.Release|x64.Build.0 = Release|Any CPU
		{DDE9D8D7-503E-483E-BD58-0284A63779DC}.Release|x86.ActiveCfg = Release|Any CPU
		{DDE9D8D7-503E-483E-BD58-0284A63779DC}.Release|x86.Build.0 = Release|Any CPU
	EndGlobalSection
	GlobalSection(SolutionProperties) = preSolution
		HideSolutionNode = FALSE
	EndGlobalSection
	GlobalSection(ExtensibilityGlobals) = postSolution
		SolutionGuid = {032C00A8-F87C-4A09-96A1-368DA5076CBF}
	EndGlobalSection
EndGlobal
