
Microsoft Visual Studio Solution File, Format Version 12.00
# Visual Studio 15
VisualStudioVersion = 15.0.27428.2043
MinimumVisualStudioVersion = 10.0.40219.1
Project("{FAE04EC0-301F-11D3-BF4B-00C04F79EFBC}") = "UrhoSharpExperiment", "UrhoSharpExperiment.csproj", "{03AFBDBA-2547-4586-910E-DA2BAC001E3E}"
EndProject
Global
	GlobalSection(SolutionConfigurationPlatforms) = preSolution
		Debug|Any CPU = Debug|Any CPU
		Release|Any CPU = Release|Any CPU
	EndGlobalSection
	GlobalSection(ProjectConfigurationPlatforms) = postSolution
		{03AFBDBA-2547-4586-910E-DA2BAC001E3E}.Debug|Any CPU.ActiveCfg = Debug|Any CPU
		{03AFBDBA-2547-4586-910E-DA2BAC001E3E}.Debug|Any CPU.Build.0 = Debug|Any CPU
		{03AFBDBA-2547-4586-910E-DA2BAC001E3E}.Release|Any CPU.ActiveCfg = Release|Any CPU
		{03AFBDBA-2547-4586-910E-DA2BAC001E3E}.Release|Any CPU.Build.0 = Release|Any CPU
	EndGlobalSection
	GlobalSection(SolutionProperties) = preSolution
		HideSolutionNode = FALSE
	EndGlobalSection
	GlobalSection(ExtensibilityGlobals) = postSolution
		SolutionGuid = {9AFBDCD2-3BD5-4346-88F1-BD0326D0A822}
	EndGlobalSection
EndGlobal
